
Microsoft Visual Studio Solution File, Format Version 12.00
# Visual Studio Version 16
VisualStudioVersion = 16.0.32106.194
MinimumVisualStudioVersion = 10.0.40219.1
Project("{2150E333-8FDC-42A3-9474-1A3956D46DE8}") = "Domain", "Domain", "{9EC73D1D-55EA-443B-AAB2-39F5BF00DFDD}"
EndProject
Project("{9A19103F-16F7-4668-BE54-9A1E7A4F7556}") = "MB.Domain", "Domain\MB.Domain\MB.Domain.csproj", "{09187DBD-1F66-42E3-857C-AABCA9B81AEF}"
EndProject
Project("{2150E333-8FDC-42A3-9474-1A3956D46DE8}") = "Application", "Application", "{AF47C615-9A90-4CDF-B4DA-28DE2BECE2B0}"
EndProject
Project("{9A19103F-16F7-4668-BE54-9A1E7A4F7556}") = "MB.Application.Contracts", "Application\MB.Application.Contracts\MB.Application.Contracts.csproj", "{E4837C51-32D5-4B21-BBEA-67809508D87F}"
EndProject
Project("{9A19103F-16F7-4668-BE54-9A1E7A4F7556}") = "MB.Application", "Application\MB.Application\MB.Application.csproj", "{DB708F67-B2DF-452B-9F47-E0596BB7E9D2}"
EndProject
Project("{2150E333-8FDC-42A3-9474-1A3956D46DE8}") = "Infrastructure", "Infrastructure", "{A0F8516D-CAC4-4A62-851B-A7512253FA96}"
EndProject
Project("{9A19103F-16F7-4668-BE54-9A1E7A4F7556}") = "MB.Infrastructure.EFCore", "Infrastructure\MB.Infrastructure.EFCore\MB.Infrastructure.EFCore.csproj", "{A99D0EBA-4151-4330-A2F5-039325E85ED5}"
EndProject
Project("{2150E333-8FDC-42A3-9474-1A3956D46DE8}") = "Presentation", "Presentation", "{F022D44A-205E-4B89-86A4-08DD6166B2DF}"
EndProject
Project("{9A19103F-16F7-4668-BE54-9A1E7A4F7556}") = "MB.Presentation.MVCCore", "Presentation\MB.Presentation.MVCCore\MB.Presentation.MVCCore.csproj", "{59A827D1-D9B0-44B5-AFF2-93C5D7775EE0}"
EndProject
Project("{9A19103F-16F7-4668-BE54-9A1E7A4F7556}") = "MB.Infrastructure.Core", "Infrastructure\MB.Infrastructure.Core\MB.Infrastructure.Core.csproj", "{FAF48087-61A7-41FB-AB2B-219F81B76E50}"
EndProject
Project("{9A19103F-16F7-4668-BE54-9A1E7A4F7556}") = "MB.Infrastructure.Query", "Infrastructure\MB.Infrastructure.Query\MB.Infrastructure.Query.csproj", "{D98998CF-C753-40A3-9D2C-37DD312E7381}"
EndProject
Project("{2150E333-8FDC-42A3-9474-1A3956D46DE8}") = "01_Framework", "01_Framework", "{46FB6AB7-24CE-4E55-88F8-A8E8F8B390A3}"
EndProject
Project("{9A19103F-16F7-4668-BE54-9A1E7A4F7556}") = "Framework", "01_Framework\Framework\Framework.csproj", "{1F2E15D0-5121-42FA-BE77-A82E4A45C1BD}"
EndProject
Project("{2150E333-8FDC-42A3-9474-1A3956D46DE8}") = "src", "src", "{FD056761-71A7-4EFB-8D35-CE61D2811856}"
EndProject
Project("{2150E333-8FDC-42A3-9474-1A3956D46DE8}") = "tests", "tests", "{548B5E87-D5A2-47E7-B434-80ADB686E28C}"
EndProject
Project("{2150E333-8FDC-42A3-9474-1A3956D46DE8}") = "Domain", "Domain", "{EDE5A114-9AB3-4F07-A465-D120E1F25009}"
EndProject
Project("{FAE04EC0-301F-11D3-BF4B-00C04F79EFBC}") = "MB.Domain.Tests.Unit", "tests\Domain\MB.Domain.Tests.Unit\MB.Domain.Tests.Unit.csproj", "{DF6C19C7-8848-45FC-9DB2-D35F9D1F073C}"
EndProject
Project("{2150E333-8FDC-42A3-9474-1A3956D46DE8}") = "Application", "Application", "{0B466EA3-ACA7-4D19-B6CB-C3BE2ECEE9FC}"
EndProject
Project("{FAE04EC0-301F-11D3-BF4B-00C04F79EFBC}") = "MB.Application.Tests.Unit", "tests\Application\MB.Application.Tests.Unit\MB.Application.Tests.Unit.csproj", "{0FD0A1D1-BDC8-414E-96F8-7F2380759C75}"
EndProject
Project("{2150E333-8FDC-42A3-9474-1A3956D46DE8}") = "Infrastructure", "Infrastructure", "{2920E87D-1AE6-44C9-B3FE-B33B3AF94B1F}"
EndProject
Project("{FAE04EC0-301F-11D3-BF4B-00C04F79EFBC}") = "MB.Infrastructure.Tests.Integration", "tests\Infrastructure\MB.Infrastructure.Tests.Integration\MB.Infrastructure.Tests.Integration.csproj", "{CDE6D580-658B-428A-B561-5250B46EC2DC}"
EndProject
Global
	GlobalSection(SolutionConfigurationPlatforms) = preSolution
		Debug|Any CPU = Debug|Any CPU
		Release|Any CPU = Release|Any CPU
	EndGlobalSection
	GlobalSection(ProjectConfigurationPlatforms) = postSolution
		{09187DBD-1F66-42E3-857C-AABCA9B81AEF}.Debug|Any CPU.ActiveCfg = Debug|Any CPU
		{09187DBD-1F66-42E3-857C-AABCA9B81AEF}.Debug|Any CPU.Build.0 = Debug|Any CPU
		{09187DBD-1F66-42E3-857C-AABCA9B81AEF}.Release|Any CPU.ActiveCfg = Release|Any CPU
		{09187DBD-1F66-42E3-857C-AABCA9B81AEF}.Release|Any CPU.Build.0 = Release|Any CPU
		{E4837C51-32D5-4B21-BBEA-67809508D87F}.Debug|Any CPU.ActiveCfg = Debug|Any CPU
		{E4837C51-32D5-4B21-BBEA-67809508D87F}.Debug|Any CPU.Build.0 = Debug|Any CPU
		{E4837C51-32D5-4B21-BBEA-67809508D87F}.Release|Any CPU.ActiveCfg = Release|Any CPU
		{E4837C51-32D5-4B21-BBEA-67809508D87F}.Release|Any CPU.Build.0 = Release|Any CPU
		{DB708F67-B2DF-452B-9F47-E0596BB7E9D2}.Debug|Any CPU.ActiveCfg = Debug|Any CPU
		{DB708F67-B2DF-452B-9F47-E0596BB7E9D2}.Debug|Any CPU.Build.0 = Debug|Any CPU
		{DB708F67-B2DF-452B-9F47-E0596BB7E9D2}.Release|Any CPU.ActiveCfg = Release|Any CPU
		{DB708F67-B2DF-452B-9F47-E0596BB7E9D2}.Release|Any CPU.Build.0 = Release|Any CPU
		{A99D0EBA-4151-4330-A2F5-039325E85ED5}.Debug|Any CPU.ActiveCfg = Debug|Any CPU
		{A99D0EBA-4151-4330-A2F5-039325E85ED5}.Debug|Any CPU.Build.0 = Debug|Any CPU
		{A99D0EBA-4151-4330-A2F5-039325E85ED5}.Release|Any CPU.ActiveCfg = Release|Any CPU
		{A99D0EBA-4151-4330-A2F5-039325E85ED5}.Release|Any CPU.Build.0 = Release|Any CPU
		{59A827D1-D9B0-44B5-AFF2-93C5D7775EE0}.Debug|Any CPU.ActiveCfg = Debug|Any CPU
		{59A827D1-D9B0-44B5-AFF2-93C5D7775EE0}.Debug|Any CPU.Build.0 = Debug|Any CPU
		{59A827D1-D9B0-44B5-AFF2-93C5D7775EE0}.Release|Any CPU.ActiveCfg = Release|Any CPU
		{59A827D1-D9B0-44B5-AFF2-93C5D7775EE0}.Release|Any CPU.Build.0 = Release|Any CPU
		{FAF48087-61A7-41FB-AB2B-219F81B76E50}.Debug|Any CPU.ActiveCfg = Debug|Any CPU
		{FAF48087-61A7-41FB-AB2B-219F81B76E50}.Debug|Any CPU.Build.0 = Debug|Any CPU
		{FAF48087-61A7-41FB-AB2B-219F81B76E50}.Release|Any CPU.ActiveCfg = Release|Any CPU
		{FAF48087-61A7-41FB-AB2B-219F81B76E50}.Release|Any CPU.Build.0 = Release|Any CPU
		{D98998CF-C753-40A3-9D2C-37DD312E7381}.Debug|Any CPU.ActiveCfg = Debug|Any CPU
		{D98998CF-C753-40A3-9D2C-37DD312E7381}.Debug|Any CPU.Build.0 = Debug|Any CPU
		{D98998CF-C753-40A3-9D2C-37DD312E7381}.Release|Any CPU.ActiveCfg = Release|Any CPU
		{D98998CF-C753-40A3-9D2C-37DD312E7381}.Release|Any CPU.Build.0 = Release|Any CPU
		{1F2E15D0-5121-42FA-BE77-A82E4A45C1BD}.Debug|Any CPU.ActiveCfg = Debug|Any CPU
		{1F2E15D0-5121-42FA-BE77-A82E4A45C1BD}.Debug|Any CPU.Build.0 = Debug|Any CPU
		{1F2E15D0-5121-42FA-BE77-A82E4A45C1BD}.Release|Any CPU.ActiveCfg = Release|Any CPU
		{1F2E15D0-5121-42FA-BE77-A82E4A45C1BD}.Release|Any CPU.Build.0 = Release|Any CPU
		{DF6C19C7-8848-45FC-9DB2-D35F9D1F073C}.Debug|Any CPU.ActiveCfg = Debug|Any CPU
		{DF6C19C7-8848-45FC-9DB2-D35F9D1F073C}.Debug|Any CPU.Build.0 = Debug|Any CPU
		{DF6C19C7-8848-45FC-9DB2-D35F9D1F073C}.Release|Any CPU.ActiveCfg = Release|Any CPU
		{DF6C19C7-8848-45FC-9DB2-D35F9D1F073C}.Release|Any CPU.Build.0 = Release|Any CPU
		{0FD0A1D1-BDC8-414E-96F8-7F2380759C75}.Debug|Any CPU.ActiveCfg = Debug|Any CPU
		{0FD0A1D1-BDC8-414E-96F8-7F2380759C75}.Debug|Any CPU.Build.0 = Debug|Any CPU
		{0FD0A1D1-BDC8-414E-96F8-7F2380759C75}.Release|Any CPU.ActiveCfg = Release|Any CPU
		{0FD0A1D1-BDC8-414E-96F8-7F2380759C75}.Release|Any CPU.Build.0 = Release|Any CPU
		{CDE6D580-658B-428A-B561-5250B46EC2DC}.Debug|Any CPU.ActiveCfg = Debug|Any CPU
		{CDE6D580-658B-428A-B561-5250B46EC2DC}.Debug|Any CPU.Build.0 = Debug|Any CPU
		{CDE6D580-658B-428A-B561-5250B46EC2DC}.Release|Any CPU.ActiveCfg = Release|Any CPU
		{CDE6D580-658B-428A-B561-5250B46EC2DC}.Release|Any CPU.Build.0 = Release|Any CPU
	EndGlobalSection
	GlobalSection(SolutionProperties) = preSolution
		HideSolutionNode = FALSE
	EndGlobalSection
	GlobalSection(NestedProjects) = preSolution
		{9EC73D1D-55EA-443B-AAB2-39F5BF00DFDD} = {FD056761-71A7-4EFB-8D35-CE61D2811856}
		{09187DBD-1F66-42E3-857C-AABCA9B81AEF} = {9EC73D1D-55EA-443B-AAB2-39F5BF00DFDD}
		{AF47C615-9A90-4CDF-B4DA-28DE2BECE2B0} = {FD056761-71A7-4EFB-8D35-CE61D2811856}
		{E4837C51-32D5-4B21-BBEA-67809508D87F} = {AF47C615-9A90-4CDF-B4DA-28DE2BECE2B0}
		{DB708F67-B2DF-452B-9F47-E0596BB7E9D2} = {AF47C615-9A90-4CDF-B4DA-28DE2BECE2B0}
		{A0F8516D-CAC4-4A62-851B-A7512253FA96} = {FD056761-71A7-4EFB-8D35-CE61D2811856}
		{A99D0EBA-4151-4330-A2F5-039325E85ED5} = {A0F8516D-CAC4-4A62-851B-A7512253FA96}
		{F022D44A-205E-4B89-86A4-08DD6166B2DF} = {FD056761-71A7-4EFB-8D35-CE61D2811856}
		{59A827D1-D9B0-44B5-AFF2-93C5D7775EE0} = {F022D44A-205E-4B89-86A4-08DD6166B2DF}
		{FAF48087-61A7-41FB-AB2B-219F81B76E50} = {A0F8516D-CAC4-4A62-851B-A7512253FA96}
		{D98998CF-C753-40A3-9D2C-37DD312E7381} = {A0F8516D-CAC4-4A62-851B-A7512253FA96}
		{46FB6AB7-24CE-4E55-88F8-A8E8F8B390A3} = {FD056761-71A7-4EFB-8D35-CE61D2811856}
		{1F2E15D0-5121-42FA-BE77-A82E4A45C1BD} = {46FB6AB7-24CE-4E55-88F8-A8E8F8B390A3}
		{EDE5A114-9AB3-4F07-A465-D120E1F25009} = {548B5E87-D5A2-47E7-B434-80ADB686E28C}
		{DF6C19C7-8848-45FC-9DB2-D35F9D1F073C} = {EDE5A114-9AB3-4F07-A465-D120E1F25009}
		{0B466EA3-ACA7-4D19-B6CB-C3BE2ECEE9FC} = {548B5E87-D5A2-47E7-B434-80ADB686E28C}
		{0FD0A1D1-BDC8-414E-96F8-7F2380759C75} = {0B466EA3-ACA7-4D19-B6CB-C3BE2ECEE9FC}
		{2920E87D-1AE6-44C9-B3FE-B33B3AF94B1F} = {548B5E87-D5A2-47E7-B434-80ADB686E28C}
		{CDE6D580-658B-428A-B561-5250B46EC2DC} = {2920E87D-1AE6-44C9-B3FE-B33B3AF94B1F}
	EndGlobalSection
	GlobalSection(ExtensibilityGlobals) = postSolution
		SolutionGuid = {28C2F2CE-EE6C-439D-8381-D396097C31C4}
	EndGlobalSection
EndGlobal
